
Microsoft Visual Studio Solution File, Format Version 12.00
# Visual Studio 15
VisualStudioVersion = 15.0.26730.15
MinimumVisualStudioVersion = 10.0.40219.1
Project("{FAE04EC0-301F-11D3-BF4B-00C04F79EFBC}") = "ProjectSIA", "ProjectSIA\ProjectSIA.csproj", "{9344DC30-666C-417E-A257-7E9BFF6BEBC1}"
EndProject
Project("{FAE04EC0-301F-11D3-BF4B-00C04F79EFBC}") = "SIA_LIB", "SIA_LIB\SIA_LIB.csproj", "{B513F320-0C38-4219-B25A-E1B573B9BD08}"
EndProject
Global
	GlobalSection(SolutionConfigurationPlatforms) = preSolution
		Debug|Any CPU = Debug|Any CPU
		Release|Any CPU = Release|Any CPU
	EndGlobalSection
	GlobalSection(ProjectConfigurationPlatforms) = postSolution
		{9344DC30-666C-417E-A257-7E9BFF6BEBC1}.Debug|Any CPU.ActiveCfg = Debug|Any CPU
		{9344DC30-666C-417E-A257-7E9BFF6BEBC1}.Debug|Any CPU.Build.0 = Debug|Any CPU
		{9344DC30-666C-417E-A257-7E9BFF6BEBC1}.Release|Any CPU.ActiveCfg = Release|Any CPU
		{9344DC30-666C-417E-A257-7E9BFF6BEBC1}.Release|Any CPU.Build.0 = Release|Any CPU
		{B513F320-0C38-4219-B25A-E1B573B9BD08}.Debug|Any CPU.ActiveCfg = Debug|Any CPU
		{B513F320-0C38-4219-B25A-E1B573B9BD08}.Debug|Any CPU.Build.0 = Debug|Any CPU
		{B513F320-0C38-4219-B25A-E1B573B9BD08}.Release|Any CPU.ActiveCfg = Release|Any CPU
		{B513F320-0C38-4219-B25A-E1B573B9BD08}.Release|Any CPU.Build.0 = Release|Any CPU
	EndGlobalSection
	GlobalSection(SolutionProperties) = preSolution
		HideSolutionNode = FALSE
	EndGlobalSection
	GlobalSection(ExtensibilityGlobals) = postSolution
		SolutionGuid = {C18CB9F8-8BC6-490C-B95B-445285797689}
	EndGlobalSection
EndGlobal
